// !$*UTF8*$!
{
	archiveVersion = 1;
	classes = {
	};
	objectVersion = 51;
	objects = {

/* Begin PBXBuildFile section */
		6F2A42F6DE4AA9F9F2241346 /* Pods_iXperTests.framework in Frameworks */ = {isa = PBXBuildFile; fileRef = 35522DA79E4DB272937B18B5 /* Pods_iXperTests.framework */; };
		8F0DAC614CADB4EFF279F169 /* Pods_iXperUITests.framework in Frameworks */ = {isa = PBXBuildFile; fileRef = F230054BD343B2933F4607C0 /* Pods_iXperUITests.framework */; };
		BDADB44F24F9BE6A0E9C1860 /* Pods_iXper.framework in Frameworks */ = {isa = PBXBuildFile; fileRef = F6609EC8F28D79317CC35490 /* Pods_iXper.framework */; };
		D613994B22E5A94700D4FC83 /* DataService.swift in Sources */ = {isa = PBXBuildFile; fileRef = D613994A22E5A94700D4FC83 /* DataService.swift */; };
		D613994D22E5ABA300D4FC83 /* AuthService.swift in Sources */ = {isa = PBXBuildFile; fileRef = D613994C22E5ABA300D4FC83 /* AuthService.swift */; };
		D61D4A0F22E8E0A100A1350B /* ShadowView.swift in Sources */ = {isa = PBXBuildFile; fileRef = D61D4A0E22E8E0A100A1350B /* ShadowView.swift */; };
		D61D4A1122E8E4C300A1350B /* User.swift in Sources */ = {isa = PBXBuildFile; fileRef = D61D4A1022E8E4C300A1350B /* User.swift */; };
		D62AB9D922E5A62B008D89B8 /* GoogleService-Info.plist in Resources */ = {isa = PBXBuildFile; fileRef = D62AB9D822E5A62B008D89B8 /* GoogleService-Info.plist */; };
		D6737BB422E9FA42005B8F5A /* Spinner.swift in Sources */ = {isa = PBXBuildFile; fileRef = D6737BB322E9FA42005B8F5A /* Spinner.swift */; };
		D6737BB622EADC59005B8F5A /* DateTime.swift in Sources */ = {isa = PBXBuildFile; fileRef = D6737BB522EADC59005B8F5A /* DateTime.swift */; };
		D68EBA4022E4DFEB009616FD /* AppDelegate.swift in Sources */ = {isa = PBXBuildFile; fileRef = D68EBA3F22E4DFEB009616FD /* AppDelegate.swift */; };
		D68EBA4722E4DFEB009616FD /* Main.storyboard in Resources */ = {isa = PBXBuildFile; fileRef = D68EBA4522E4DFEB009616FD /* Main.storyboard */; };
		D68EBA4922E4DFEB009616FD /* Assets.xcassets in Resources */ = {isa = PBXBuildFile; fileRef = D68EBA4822E4DFEB009616FD /* Assets.xcassets */; };
		D68EBA4C22E4DFEB009616FD /* LaunchScreen.storyboard in Resources */ = {isa = PBXBuildFile; fileRef = D68EBA4A22E4DFEB009616FD /* LaunchScreen.storyboard */; };
		D68EBA5722E4DFEB009616FD /* iXperTests.swift in Sources */ = {isa = PBXBuildFile; fileRef = D68EBA5622E4DFEB009616FD /* iXperTests.swift */; };
		D68EBA6222E4DFEB009616FD /* iXperUITests.swift in Sources */ = {isa = PBXBuildFile; fileRef = D68EBA6122E4DFEB009616FD /* iXperUITests.swift */; };
		D68EBA7822E5987F009616FD /* MuseoSans_500.otf in Resources */ = {isa = PBXBuildFile; fileRef = D68EBA7622E5987F009616FD /* MuseoSans_500.otf */; };
		D68EBA7922E5987F009616FD /* MuseoSans_500_Italic.otf in Resources */ = {isa = PBXBuildFile; fileRef = D68EBA7722E5987F009616FD /* MuseoSans_500_Italic.otf */; };
		D699923322F1C2A4001E942D /* EmailViewController.swift in Sources */ = {isa = PBXBuildFile; fileRef = D699923122F1C2A3001E942D /* EmailViewController.swift */; };
		D699923422F1C2A4001E942D /* AuthViewController.swift in Sources */ = {isa = PBXBuildFile; fileRef = D699923222F1C2A4001E942D /* AuthViewController.swift */; };
		D699923622F1C842001E942D /* HomeViewController.swift in Sources */ = {isa = PBXBuildFile; fileRef = D699923522F1C842001E942D /* HomeViewController.swift */; };
		D6B5A32622EEF61800C51C85 /* TimeSheetController.swift in Sources */ = {isa = PBXBuildFile; fileRef = D6B5A32522EEF61800C51C85 /* TimeSheetController.swift */; };
		D6B5A32822EF1CBE00C51C85 /* Cells.swift in Sources */ = {isa = PBXBuildFile; fileRef = D6B5A32722EF1CBE00C51C85 /* Cells.swift */; };
		D6DF293122F1BFC60022F8E7 /* ShadowButton.swift in Sources */ = {isa = PBXBuildFile; fileRef = D6DF293022F1BFC50022F8E7 /* ShadowButton.swift */; };
		D6F8855F22F05E2700BDADDA /* HomeViewModel.swift in Sources */ = {isa = PBXBuildFile; fileRef = D6F8855E22F05E2700BDADDA /* HomeViewModel.swift */; };
		D6F8856122F05E4B00BDADDA /* AuthViewModel.swift in Sources */ = {isa = PBXBuildFile; fileRef = D6F8856022F05E4B00BDADDA /* AuthViewModel.swift */; };
		D6FFD9E622F1CA170085496A /* TimeSheetViewModel.swift in Sources */ = {isa = PBXBuildFile; fileRef = D6FFD9E522F1CA170085496A /* TimeSheetViewModel.swift */; };
/* End PBXBuildFile section */

/* Begin PBXContainerItemProxy section */
		D68EBA5322E4DFEB009616FD /* PBXContainerItemProxy */ = {
			isa = PBXContainerItemProxy;
			containerPortal = D68EBA3422E4DFEB009616FD /* Project object */;
			proxyType = 1;
			remoteGlobalIDString = D68EBA3B22E4DFEB009616FD;
			remoteInfo = iXper;
		};
		D68EBA5E22E4DFEB009616FD /* PBXContainerItemProxy */ = {
			isa = PBXContainerItemProxy;
			containerPortal = D68EBA3422E4DFEB009616FD /* Project object */;
			proxyType = 1;
			remoteGlobalIDString = D68EBA3B22E4DFEB009616FD;
			remoteInfo = iXper;
		};
/* End PBXContainerItemProxy section */

/* Begin PBXFileReference section */
		15CC08C9D01A9FC8A8393C76 /* Pods-iXper.debug.xcconfig */ = {isa = PBXFileReference; includeInIndex = 1; lastKnownFileType = text.xcconfig; name = "Pods-iXper.debug.xcconfig"; path = "Target Support Files/Pods-iXper/Pods-iXper.debug.xcconfig"; sourceTree = "<group>"; };
		35522DA79E4DB272937B18B5 /* Pods_iXperTests.framework */ = {isa = PBXFileReference; explicitFileType = wrapper.framework; includeInIndex = 0; path = Pods_iXperTests.framework; sourceTree = BUILT_PRODUCTS_DIR; };
		588B7F635A66359A8C9DE8E8 /* Pods-iXperUITests.debug.xcconfig */ = {isa = PBXFileReference; includeInIndex = 1; lastKnownFileType = text.xcconfig; name = "Pods-iXperUITests.debug.xcconfig"; path = "Target Support Files/Pods-iXperUITests/Pods-iXperUITests.debug.xcconfig"; sourceTree = "<group>"; };
		5B0CAFB66AB6F1ADB0F76F36 /* Pods-iXperTests.release.xcconfig */ = {isa = PBXFileReference; includeInIndex = 1; lastKnownFileType = text.xcconfig; name = "Pods-iXperTests.release.xcconfig"; path = "Target Support Files/Pods-iXperTests/Pods-iXperTests.release.xcconfig"; sourceTree = "<group>"; };
		70C059D728FFE90FA6D5CB99 /* Pods-iXperUITests.release.xcconfig */ = {isa = PBXFileReference; includeInIndex = 1; lastKnownFileType = text.xcconfig; name = "Pods-iXperUITests.release.xcconfig"; path = "Target Support Files/Pods-iXperUITests/Pods-iXperUITests.release.xcconfig"; sourceTree = "<group>"; };
		8B1892E04806F74F3BF4EC02 /* Pods-iXperTests.debug.xcconfig */ = {isa = PBXFileReference; includeInIndex = 1; lastKnownFileType = text.xcconfig; name = "Pods-iXperTests.debug.xcconfig"; path = "Target Support Files/Pods-iXperTests/Pods-iXperTests.debug.xcconfig"; sourceTree = "<group>"; };
		BB15BA7788E66EF941C549DB /* Pods-iXper.release.xcconfig */ = {isa = PBXFileReference; includeInIndex = 1; lastKnownFileType = text.xcconfig; name = "Pods-iXper.release.xcconfig"; path = "Target Support Files/Pods-iXper/Pods-iXper.release.xcconfig"; sourceTree = "<group>"; };
		D613994A22E5A94700D4FC83 /* DataService.swift */ = {isa = PBXFileReference; lastKnownFileType = sourcecode.swift; path = DataService.swift; sourceTree = "<group>"; };
		D613994C22E5ABA300D4FC83 /* AuthService.swift */ = {isa = PBXFileReference; lastKnownFileType = sourcecode.swift; path = AuthService.swift; sourceTree = "<group>"; };
		D61D4A0E22E8E0A100A1350B /* ShadowView.swift */ = {isa = PBXFileReference; lastKnownFileType = sourcecode.swift; path = ShadowView.swift; sourceTree = "<group>"; };
		D61D4A1022E8E4C300A1350B /* User.swift */ = {isa = PBXFileReference; lastKnownFileType = sourcecode.swift; path = User.swift; sourceTree = "<group>"; };
		D62AB9D822E5A62B008D89B8 /* GoogleService-Info.plist */ = {isa = PBXFileReference; fileEncoding = 4; lastKnownFileType = text.plist.xml; path = "GoogleService-Info.plist"; sourceTree = "<group>"; };
		D6737BB322E9FA42005B8F5A /* Spinner.swift */ = {isa = PBXFileReference; lastKnownFileType = sourcecode.swift; path = Spinner.swift; sourceTree = "<group>"; };
		D6737BB522EADC59005B8F5A /* DateTime.swift */ = {isa = PBXFileReference; lastKnownFileType = sourcecode.swift; path = DateTime.swift; sourceTree = "<group>"; };
		D68EBA3C22E4DFEB009616FD /* iXper.app */ = {isa = PBXFileReference; explicitFileType = wrapper.application; includeInIndex = 0; path = iXper.app; sourceTree = BUILT_PRODUCTS_DIR; };
		D68EBA3F22E4DFEB009616FD /* AppDelegate.swift */ = {isa = PBXFileReference; lastKnownFileType = sourcecode.swift; path = AppDelegate.swift; sourceTree = "<group>"; };
		D68EBA4622E4DFEB009616FD /* Base */ = {isa = PBXFileReference; lastKnownFileType = file.storyboard; name = Base; path = Base.lproj/Main.storyboard; sourceTree = "<group>"; };
		D68EBA4822E4DFEB009616FD /* Assets.xcassets */ = {isa = PBXFileReference; lastKnownFileType = folder.assetcatalog; path = Assets.xcassets; sourceTree = "<group>"; };
		D68EBA4B22E4DFEB009616FD /* Base */ = {isa = PBXFileReference; lastKnownFileType = file.storyboard; name = Base; path = Base.lproj/LaunchScreen.storyboard; sourceTree = "<group>"; };
		D68EBA4D22E4DFEB009616FD /* Info.plist */ = {isa = PBXFileReference; lastKnownFileType = text.plist.xml; path = Info.plist; sourceTree = "<group>"; };
		D68EBA5222E4DFEB009616FD /* iXperTests.xctest */ = {isa = PBXFileReference; explicitFileType = wrapper.cfbundle; includeInIndex = 0; path = iXperTests.xctest; sourceTree = BUILT_PRODUCTS_DIR; };
		D68EBA5622E4DFEB009616FD /* iXperTests.swift */ = {isa = PBXFileReference; lastKnownFileType = sourcecode.swift; path = iXperTests.swift; sourceTree = "<group>"; };
		D68EBA5822E4DFEB009616FD /* Info.plist */ = {isa = PBXFileReference; lastKnownFileType = text.plist.xml; path = Info.plist; sourceTree = "<group>"; };
		D68EBA5D22E4DFEB009616FD /* iXperUITests.xctest */ = {isa = PBXFileReference; explicitFileType = wrapper.cfbundle; includeInIndex = 0; path = iXperUITests.xctest; sourceTree = BUILT_PRODUCTS_DIR; };
		D68EBA6122E4DFEB009616FD /* iXperUITests.swift */ = {isa = PBXFileReference; lastKnownFileType = sourcecode.swift; path = iXperUITests.swift; sourceTree = "<group>"; };
		D68EBA6322E4DFEB009616FD /* Info.plist */ = {isa = PBXFileReference; lastKnownFileType = text.plist.xml; path = Info.plist; sourceTree = "<group>"; };
		D68EBA7622E5987F009616FD /* MuseoSans_500.otf */ = {isa = PBXFileReference; lastKnownFileType = file; path = MuseoSans_500.otf; sourceTree = "<group>"; };
		D68EBA7722E5987F009616FD /* MuseoSans_500_Italic.otf */ = {isa = PBXFileReference; lastKnownFileType = file; path = MuseoSans_500_Italic.otf; sourceTree = "<group>"; };
		D699923122F1C2A3001E942D /* EmailViewController.swift */ = {isa = PBXFileReference; fileEncoding = 4; lastKnownFileType = sourcecode.swift; path = EmailViewController.swift; sourceTree = "<group>"; };
		D699923222F1C2A4001E942D /* AuthViewController.swift */ = {isa = PBXFileReference; fileEncoding = 4; lastKnownFileType = sourcecode.swift; path = AuthViewController.swift; sourceTree = "<group>"; };
		D699923522F1C842001E942D /* HomeViewController.swift */ = {isa = PBXFileReference; fileEncoding = 4; lastKnownFileType = sourcecode.swift; path = HomeViewController.swift; sourceTree = "<group>"; };
		D6B5A32522EEF61800C51C85 /* TimeSheetController.swift */ = {isa = PBXFileReference; lastKnownFileType = sourcecode.swift; path = TimeSheetController.swift; sourceTree = "<group>"; };
		D6B5A32722EF1CBE00C51C85 /* Cells.swift */ = {isa = PBXFileReference; lastKnownFileType = sourcecode.swift; path = Cells.swift; sourceTree = "<group>"; };
		D6DF293022F1BFC50022F8E7 /* ShadowButton.swift */ = {isa = PBXFileReference; fileEncoding = 4; lastKnownFileType = sourcecode.swift; path = ShadowButton.swift; sourceTree = "<group>"; };
		D6F8855E22F05E2700BDADDA /* HomeViewModel.swift */ = {isa = PBXFileReference; fileEncoding = 4; lastKnownFileType = sourcecode.swift; path = HomeViewModel.swift; sourceTree = "<group>"; };
		D6F8856022F05E4B00BDADDA /* AuthViewModel.swift */ = {isa = PBXFileReference; lastKnownFileType = sourcecode.swift; path = AuthViewModel.swift; sourceTree = "<group>"; };
		D6FFD9E522F1CA170085496A /* TimeSheetViewModel.swift */ = {isa = PBXFileReference; lastKnownFileType = sourcecode.swift; path = TimeSheetViewModel.swift; sourceTree = "<group>"; };
		F230054BD343B2933F4607C0 /* Pods_iXperUITests.framework */ = {isa = PBXFileReference; explicitFileType = wrapper.framework; includeInIndex = 0; path = Pods_iXperUITests.framework; sourceTree = BUILT_PRODUCTS_DIR; };
		F6609EC8F28D79317CC35490 /* Pods_iXper.framework */ = {isa = PBXFileReference; explicitFileType = wrapper.framework; includeInIndex = 0; path = Pods_iXper.framework; sourceTree = BUILT_PRODUCTS_DIR; };
/* End PBXFileReference section */

/* Begin PBXFrameworksBuildPhase section */
		D68EBA3922E4DFEB009616FD /* Frameworks */ = {
			isa = PBXFrameworksBuildPhase;
			buildActionMask = 2147483647;
			files = (
				BDADB44F24F9BE6A0E9C1860 /* Pods_iXper.framework in Frameworks */,
			);
			runOnlyForDeploymentPostprocessing = 0;
		};
		D68EBA4F22E4DFEB009616FD /* Frameworks */ = {
			isa = PBXFrameworksBuildPhase;
			buildActionMask = 2147483647;
			files = (
				6F2A42F6DE4AA9F9F2241346 /* Pods_iXperTests.framework in Frameworks */,
			);
			runOnlyForDeploymentPostprocessing = 0;
		};
		D68EBA5A22E4DFEB009616FD /* Frameworks */ = {
			isa = PBXFrameworksBuildPhase;
			buildActionMask = 2147483647;
			files = (
				8F0DAC614CADB4EFF279F169 /* Pods_iXperUITests.framework in Frameworks */,
			);
			runOnlyForDeploymentPostprocessing = 0;
		};
/* End PBXFrameworksBuildPhase section */

/* Begin PBXGroup section */
		0E9AC56562EE1C7083EA84CD /* Frameworks */ = {
			isa = PBXGroup;
			children = (
				F6609EC8F28D79317CC35490 /* Pods_iXper.framework */,
				35522DA79E4DB272937B18B5 /* Pods_iXperTests.framework */,
				F230054BD343B2933F4607C0 /* Pods_iXperUITests.framework */,
			);
			name = Frameworks;
			sourceTree = "<group>";
		};
		A515E583FF505AC1E35A0946 /* Pods */ = {
			isa = PBXGroup;
			children = (
				15CC08C9D01A9FC8A8393C76 /* Pods-iXper.debug.xcconfig */,
				BB15BA7788E66EF941C549DB /* Pods-iXper.release.xcconfig */,
				8B1892E04806F74F3BF4EC02 /* Pods-iXperTests.debug.xcconfig */,
				5B0CAFB66AB6F1ADB0F76F36 /* Pods-iXperTests.release.xcconfig */,
				588B7F635A66359A8C9DE8E8 /* Pods-iXperUITests.debug.xcconfig */,
				70C059D728FFE90FA6D5CB99 /* Pods-iXperUITests.release.xcconfig */,
			);
			path = Pods;
			sourceTree = "<group>";
		};
		D68EBA3322E4DFEA009616FD = {
			isa = PBXGroup;
			children = (
				D68EBA3E22E4DFEB009616FD /* iXper */,
				D68EBA5522E4DFEB009616FD /* iXperTests */,
				D68EBA6022E4DFEB009616FD /* iXperUITests */,
				D68EBA3D22E4DFEB009616FD /* Products */,
				A515E583FF505AC1E35A0946 /* Pods */,
				0E9AC56562EE1C7083EA84CD /* Frameworks */,
			);
			sourceTree = "<group>";
		};
		D68EBA3D22E4DFEB009616FD /* Products */ = {
			isa = PBXGroup;
			children = (
				D68EBA3C22E4DFEB009616FD /* iXper.app */,
				D68EBA5222E4DFEB009616FD /* iXperTests.xctest */,
				D68EBA5D22E4DFEB009616FD /* iXperUITests.xctest */,
			);
			name = Products;
			sourceTree = "<group>";
		};
		D68EBA3E22E4DFEB009616FD /* iXper */ = {
			isa = PBXGroup;
			children = (
				D6F8855D22F05E2700BDADDA /* ViewModel */,
				D68EBA7122E58EDB009616FD /* Model */,
				D68EBA7422E58EEF009616FD /* View */,
				D68EBA7522E58F03009616FD /* Controller */,
				D68EBA7022E58DB1009616FD /* Extensions */,
				D68EBA6F22E58D8E009616FD /* Services */,
				D68EBA3F22E4DFEB009616FD /* AppDelegate.swift */,
				D68EBA4522E4DFEB009616FD /* Main.storyboard */,
				D68EBA4822E4DFEB009616FD /* Assets.xcassets */,
				D68EBA4A22E4DFEB009616FD /* LaunchScreen.storyboard */,
				D68EBA4D22E4DFEB009616FD /* Info.plist */,
				D62AB9D822E5A62B008D89B8 /* GoogleService-Info.plist */,
				D68EBA7A22E59886009616FD /* Fonts */,
			);
			path = iXper;
			sourceTree = "<group>";
		};
		D68EBA5522E4DFEB009616FD /* iXperTests */ = {
			isa = PBXGroup;
			children = (
				D68EBA5622E4DFEB009616FD /* iXperTests.swift */,
				D68EBA5822E4DFEB009616FD /* Info.plist */,
			);
			path = iXperTests;
			sourceTree = "<group>";
		};
		D68EBA6022E4DFEB009616FD /* iXperUITests */ = {
			isa = PBXGroup;
			children = (
				D68EBA6122E4DFEB009616FD /* iXperUITests.swift */,
				D68EBA6322E4DFEB009616FD /* Info.plist */,
			);
			path = iXperUITests;
			sourceTree = "<group>";
		};
		D68EBA6F22E58D8E009616FD /* Services */ = {
			isa = PBXGroup;
			children = (
				D613994A22E5A94700D4FC83 /* DataService.swift */,
				D613994C22E5ABA300D4FC83 /* AuthService.swift */,
			);
			path = Services;
			sourceTree = "<group>";
		};
		D68EBA7022E58DB1009616FD /* Extensions */ = {
			isa = PBXGroup;
			children = (
				D6737BB322E9FA42005B8F5A /* Spinner.swift */,
			);
			path = Extensions;
			sourceTree = "<group>";
		};
		D68EBA7122E58EDB009616FD /* Model */ = {
			isa = PBXGroup;
			children = (
				D61D4A1022E8E4C300A1350B /* User.swift */,
				D6737BB522EADC59005B8F5A /* DateTime.swift */,
			);
			path = Model;
			sourceTree = "<group>";
		};
		D68EBA7422E58EEF009616FD /* View */ = {
			isa = PBXGroup;
			children = (
				D6DF293022F1BFC50022F8E7 /* ShadowButton.swift */,
				D61D4A0E22E8E0A100A1350B /* ShadowView.swift */,
				D6B5A32722EF1CBE00C51C85 /* Cells.swift */,
			);
			path = View;
			sourceTree = "<group>";
		};
		D68EBA7522E58F03009616FD /* Controller */ = {
			isa = PBXGroup;
			children = (
				D699923222F1C2A4001E942D /* AuthViewController.swift */,
				D699923122F1C2A3001E942D /* EmailViewController.swift */,
				D699923522F1C842001E942D /* HomeViewController.swift */,
				D6B5A32522EEF61800C51C85 /* TimeSheetController.swift */,
			);
			path = Controller;
			sourceTree = "<group>";
		};
		D68EBA7A22E59886009616FD /* Fonts */ = {
			isa = PBXGroup;
			children = (
				D68EBA7722E5987F009616FD /* MuseoSans_500_Italic.otf */,
				D68EBA7622E5987F009616FD /* MuseoSans_500.otf */,
			);
			path = Fonts;
			sourceTree = "<group>";
		};
		D6F8855D22F05E2700BDADDA /* ViewModel */ = {
			isa = PBXGroup;
			children = (
				D6F8855E22F05E2700BDADDA /* HomeViewModel.swift */,
				D6F8856022F05E4B00BDADDA /* AuthViewModel.swift */,
				D6FFD9E522F1CA170085496A /* TimeSheetViewModel.swift */,
			);
			path = ViewModel;
			sourceTree = "<group>";
		};
/* End PBXGroup section */

/* Begin PBXNativeTarget section */
		D68EBA3B22E4DFEB009616FD /* iXper */ = {
			isa = PBXNativeTarget;
			buildConfigurationList = D68EBA6622E4DFEB009616FD /* Build configuration list for PBXNativeTarget "iXper" */;
			buildPhases = (
				4759156AB282FF408C0991C1 /* [CP] Check Pods Manifest.lock */,
				D68EBA3822E4DFEB009616FD /* Sources */,
				D68EBA3922E4DFEB009616FD /* Frameworks */,
				D68EBA3A22E4DFEB009616FD /* Resources */,
				44A233AACC347511A3425048 /* [CP] Embed Pods Frameworks */,
				0403AAD54B22C05346315DC5 /* [CP] Copy Pods Resources */,
			);
			buildRules = (
			);
			dependencies = (
			);
			name = iXper;
			productName = iXper;
			productReference = D68EBA3C22E4DFEB009616FD /* iXper.app */;
			productType = "com.apple.product-type.application";
		};
		D68EBA5122E4DFEB009616FD /* iXperTests */ = {
			isa = PBXNativeTarget;
			buildConfigurationList = D68EBA6922E4DFEB009616FD /* Build configuration list for PBXNativeTarget "iXperTests" */;
			buildPhases = (
				94B7B49434B28F8A471BFA5D /* [CP] Check Pods Manifest.lock */,
				D68EBA4E22E4DFEB009616FD /* Sources */,
				D68EBA4F22E4DFEB009616FD /* Frameworks */,
				D68EBA5022E4DFEB009616FD /* Resources */,
			);
			buildRules = (
			);
			dependencies = (
				D68EBA5422E4DFEB009616FD /* PBXTargetDependency */,
			);
			name = iXperTests;
			productName = iXperTests;
			productReference = D68EBA5222E4DFEB009616FD /* iXperTests.xctest */;
			productType = "com.apple.product-type.bundle.unit-test";
		};
		D68EBA5C22E4DFEB009616FD /* iXperUITests */ = {
			isa = PBXNativeTarget;
			buildConfigurationList = D68EBA6C22E4DFEB009616FD /* Build configuration list for PBXNativeTarget "iXperUITests" */;
			buildPhases = (
				89C6EEE0450733BB38ADC412 /* [CP] Check Pods Manifest.lock */,
				D68EBA5922E4DFEB009616FD /* Sources */,
				D68EBA5A22E4DFEB009616FD /* Frameworks */,
				D68EBA5B22E4DFEB009616FD /* Resources */,
			);
			buildRules = (
			);
			dependencies = (
				D68EBA5F22E4DFEB009616FD /* PBXTargetDependency */,
			);
			name = iXperUITests;
			productName = iXperUITests;
			productReference = D68EBA5D22E4DFEB009616FD /* iXperUITests.xctest */;
			productType = "com.apple.product-type.bundle.ui-testing";
		};
/* End PBXNativeTarget section */

/* Begin PBXProject section */
		D68EBA3422E4DFEB009616FD /* Project object */ = {
			isa = PBXProject;
			attributes = {
				LastSwiftUpdateCheck = 1020;
				LastUpgradeCheck = 1020;
				ORGANIZATIONNAME = "Helder Pinto";
				TargetAttributes = {
					D68EBA3B22E4DFEB009616FD = {
						CreatedOnToolsVersion = 10.2.1;
					};
					D68EBA5122E4DFEB009616FD = {
						CreatedOnToolsVersion = 10.2.1;
						TestTargetID = D68EBA3B22E4DFEB009616FD;
					};
					D68EBA5C22E4DFEB009616FD = {
						CreatedOnToolsVersion = 10.2.1;
						TestTargetID = D68EBA3B22E4DFEB009616FD;
					};
				};
			};
			buildConfigurationList = D68EBA3722E4DFEB009616FD /* Build configuration list for PBXProject "iXper" */;
			compatibilityVersion = "Xcode 9.3";
			developmentRegion = en;
			hasScannedForEncodings = 0;
			knownRegions = (
				en,
				Base,
			);
			mainGroup = D68EBA3322E4DFEA009616FD;
			productRefGroup = D68EBA3D22E4DFEB009616FD /* Products */;
			projectDirPath = "";
			projectRoot = "";
			targets = (
				D68EBA3B22E4DFEB009616FD /* iXper */,
				D68EBA5122E4DFEB009616FD /* iXperTests */,
				D68EBA5C22E4DFEB009616FD /* iXperUITests */,
			);
		};
/* End PBXProject section */

/* Begin PBXResourcesBuildPhase section */
		D68EBA3A22E4DFEB009616FD /* Resources */ = {
			isa = PBXResourcesBuildPhase;
			buildActionMask = 2147483647;
			files = (
				D68EBA4C22E4DFEB009616FD /* LaunchScreen.storyboard in Resources */,
				D62AB9D922E5A62B008D89B8 /* GoogleService-Info.plist in Resources */,
				D68EBA7922E5987F009616FD /* MuseoSans_500_Italic.otf in Resources */,
				D68EBA4922E4DFEB009616FD /* Assets.xcassets in Resources */,
				D68EBA7822E5987F009616FD /* MuseoSans_500.otf in Resources */,
				D68EBA4722E4DFEB009616FD /* Main.storyboard in Resources */,
			);
			runOnlyForDeploymentPostprocessing = 0;
		};
		D68EBA5022E4DFEB009616FD /* Resources */ = {
			isa = PBXResourcesBuildPhase;
			buildActionMask = 2147483647;
			files = (
			);
			runOnlyForDeploymentPostprocessing = 0;
		};
		D68EBA5B22E4DFEB009616FD /* Resources */ = {
			isa = PBXResourcesBuildPhase;
			buildActionMask = 2147483647;
			files = (
			);
			runOnlyForDeploymentPostprocessing = 0;
		};
/* End PBXResourcesBuildPhase section */

/* Begin PBXShellScriptBuildPhase section */
		0403AAD54B22C05346315DC5 /* [CP] Copy Pods Resources */ = {
			isa = PBXShellScriptBuildPhase;
			buildActionMask = 2147483647;
			files = (
			);
			inputFileListPaths = (
				"${PODS_ROOT}/Target Support Files/Pods-iXper/Pods-iXper-resources-${CONFIGURATION}-input-files.xcfilelist",
			);
			name = "[CP] Copy Pods Resources";
			outputFileListPaths = (
				"${PODS_ROOT}/Target Support Files/Pods-iXper/Pods-iXper-resources-${CONFIGURATION}-output-files.xcfilelist",
			);
			runOnlyForDeploymentPostprocessing = 0;
			shellPath = /bin/sh;
			shellScript = "\"${PODS_ROOT}/Target Support Files/Pods-iXper/Pods-iXper-resources.sh\"\n";
			showEnvVarsInLog = 0;
		};
		44A233AACC347511A3425048 /* [CP] Embed Pods Frameworks */ = {
			isa = PBXShellScriptBuildPhase;
			buildActionMask = 2147483647;
			files = (
			);
			inputFileListPaths = (
				"${PODS_ROOT}/Target Support Files/Pods-iXper/Pods-iXper-frameworks-${CONFIGURATION}-input-files.xcfilelist",
			);
			name = "[CP] Embed Pods Frameworks";
			outputFileListPaths = (
				"${PODS_ROOT}/Target Support Files/Pods-iXper/Pods-iXper-frameworks-${CONFIGURATION}-output-files.xcfilelist",
			);
			runOnlyForDeploymentPostprocessing = 0;
			shellPath = /bin/sh;
			shellScript = "\"${PODS_ROOT}/Target Support Files/Pods-iXper/Pods-iXper-frameworks.sh\"\n";
			showEnvVarsInLog = 0;
		};
		4759156AB282FF408C0991C1 /* [CP] Check Pods Manifest.lock */ = {
			isa = PBXShellScriptBuildPhase;
			buildActionMask = 2147483647;
			files = (
			);
			inputFileListPaths = (
			);
			inputPaths = (
				"${PODS_PODFILE_DIR_PATH}/Podfile.lock",
				"${PODS_ROOT}/Manifest.lock",
			);
			name = "[CP] Check Pods Manifest.lock";
			outputFileListPaths = (
			);
			outputPaths = (
				"$(DERIVED_FILE_DIR)/Pods-iXper-checkManifestLockResult.txt",
			);
			runOnlyForDeploymentPostprocessing = 0;
			shellPath = /bin/sh;
			shellScript = "diff \"${PODS_PODFILE_DIR_PATH}/Podfile.lock\" \"${PODS_ROOT}/Manifest.lock\" > /dev/null\nif [ $? != 0 ] ; then\n    # print error to STDERR\n    echo \"error: The sandbox is not in sync with the Podfile.lock. Run 'pod install' or update your CocoaPods installation.\" >&2\n    exit 1\nfi\n# This output is used by Xcode 'outputs' to avoid re-running this script phase.\necho \"SUCCESS\" > \"${SCRIPT_OUTPUT_FILE_0}\"\n";
			showEnvVarsInLog = 0;
		};
		89C6EEE0450733BB38ADC412 /* [CP] Check Pods Manifest.lock */ = {
			isa = PBXShellScriptBuildPhase;
			buildActionMask = 2147483647;
			files = (
			);
			inputFileListPaths = (
			);
			inputPaths = (
				"${PODS_PODFILE_DIR_PATH}/Podfile.lock",
				"${PODS_ROOT}/Manifest.lock",
			);
			name = "[CP] Check Pods Manifest.lock";
			outputFileListPaths = (
			);
			outputPaths = (
				"$(DERIVED_FILE_DIR)/Pods-iXperUITests-checkManifestLockResult.txt",
			);
			runOnlyForDeploymentPostprocessing = 0;
			shellPath = /bin/sh;
			shellScript = "diff \"${PODS_PODFILE_DIR_PATH}/Podfile.lock\" \"${PODS_ROOT}/Manifest.lock\" > /dev/null\nif [ $? != 0 ] ; then\n    # print error to STDERR\n    echo \"error: The sandbox is not in sync with the Podfile.lock. Run 'pod install' or update your CocoaPods installation.\" >&2\n    exit 1\nfi\n# This output is used by Xcode 'outputs' to avoid re-running this script phase.\necho \"SUCCESS\" > \"${SCRIPT_OUTPUT_FILE_0}\"\n";
			showEnvVarsInLog = 0;
		};
		94B7B49434B28F8A471BFA5D /* [CP] Check Pods Manifest.lock */ = {
			isa = PBXShellScriptBuildPhase;
			buildActionMask = 2147483647;
			files = (
			);
			inputFileListPaths = (
			);
			inputPaths = (
				"${PODS_PODFILE_DIR_PATH}/Podfile.lock",
				"${PODS_ROOT}/Manifest.lock",
			);
			name = "[CP] Check Pods Manifest.lock";
			outputFileListPaths = (
			);
			outputPaths = (
				"$(DERIVED_FILE_DIR)/Pods-iXperTests-checkManifestLockResult.txt",
			);
			runOnlyForDeploymentPostprocessing = 0;
			shellPath = /bin/sh;
			shellScript = "diff \"${PODS_PODFILE_DIR_PATH}/Podfile.lock\" \"${PODS_ROOT}/Manifest.lock\" > /dev/null\nif [ $? != 0 ] ; then\n    # print error to STDERR\n    echo \"error: The sandbox is not in sync with the Podfile.lock. Run 'pod install' or update your CocoaPods installation.\" >&2\n    exit 1\nfi\n# This output is used by Xcode 'outputs' to avoid re-running this script phase.\necho \"SUCCESS\" > \"${SCRIPT_OUTPUT_FILE_0}\"\n";
			showEnvVarsInLog = 0;
		};
/* End PBXShellScriptBuildPhase section */

/* Begin PBXSourcesBuildPhase section */
		D68EBA3822E4DFEB009616FD /* Sources */ = {
			isa = PBXSourcesBuildPhase;
			buildActionMask = 2147483647;
			files = (
				D68EBA4022E4DFEB009616FD /* AppDelegate.swift in Sources */,
				D61D4A0F22E8E0A100A1350B /* ShadowView.swift in Sources */,
				D6F8856122F05E4B00BDADDA /* AuthViewModel.swift in Sources */,
				D613994D22E5ABA300D4FC83 /* AuthService.swift in Sources */,
				D6737BB422E9FA42005B8F5A /* Spinner.swift in Sources */,
				D699923622F1C842001E942D /* HomeViewController.swift in Sources */,
				D6B5A32822EF1CBE00C51C85 /* Cells.swift in Sources */,
				D6FFD9E622F1CA170085496A /* TimeSheetViewModel.swift in Sources */,
				D699923422F1C2A4001E942D /* AuthViewController.swift in Sources */,
				D6737BB622EADC59005B8F5A /* DateTime.swift in Sources */,
				D613994B22E5A94700D4FC83 /* DataService.swift in Sources */,
				D699923322F1C2A4001E942D /* EmailViewController.swift in Sources */,
				D61D4A1122E8E4C300A1350B /* User.swift in Sources */,
				D6F8855F22F05E2700BDADDA /* HomeViewModel.swift in Sources */,
				D6B5A32622EEF61800C51C85 /* TimeSheetController.swift in Sources */,
				D6DF293122F1BFC60022F8E7 /* ShadowButton.swift in Sources */,
			);
			runOnlyForDeploymentPostprocessing = 0;
		};
		D68EBA4E22E4DFEB009616FD /* Sources */ = {
			isa = PBXSourcesBuildPhase;
			buildActionMask = 2147483647;
			files = (
				D68EBA5722E4DFEB009616FD /* iXperTests.swift in Sources */,
			);
			runOnlyForDeploymentPostprocessing = 0;
		};
		D68EBA5922E4DFEB009616FD /* Sources */ = {
			isa = PBXSourcesBuildPhase;
			buildActionMask = 2147483647;
			files = (
				D68EBA6222E4DFEB009616FD /* iXperUITests.swift in Sources */,
			);
			runOnlyForDeploymentPostprocessing = 0;
		};
/* End PBXSourcesBuildPhase section */

/* Begin PBXTargetDependency section */
		D68EBA5422E4DFEB009616FD /* PBXTargetDependency */ = {
			isa = PBXTargetDependency;
			target = D68EBA3B22E4DFEB009616FD /* iXper */;
			targetProxy = D68EBA5322E4DFEB009616FD /* PBXContainerItemProxy */;
		};
		D68EBA5F22E4DFEB009616FD /* PBXTargetDependency */ = {
			isa = PBXTargetDependency;
			target = D68EBA3B22E4DFEB009616FD /* iXper */;
			targetProxy = D68EBA5E22E4DFEB009616FD /* PBXContainerItemProxy */;
		};
/* End PBXTargetDependency section */

/* Begin PBXVariantGroup section */
		D68EBA4522E4DFEB009616FD /* Main.storyboard */ = {
			isa = PBXVariantGroup;
			children = (
				D68EBA4622E4DFEB009616FD /* Base */,
			);
			name = Main.storyboard;
			sourceTree = "<group>";
		};
		D68EBA4A22E4DFEB009616FD /* LaunchScreen.storyboard */ = {
			isa = PBXVariantGroup;
			children = (
				D68EBA4B22E4DFEB009616FD /* Base */,
			);
			name = LaunchScreen.storyboard;
			sourceTree = "<group>";
		};
/* End PBXVariantGroup section */

/* Begin XCBuildConfiguration section */
		D68EBA6422E4DFEB009616FD /* Debug */ = {
			isa = XCBuildConfiguration;
			buildSettings = {
				ALWAYS_SEARCH_USER_PATHS = NO;
				CLANG_ANALYZER_NONNULL = YES;
				CLANG_ANALYZER_NUMBER_OBJECT_CONVERSION = YES_AGGRESSIVE;
				CLANG_CXX_LANGUAGE_STANDARD = "gnu++14";
				CLANG_CXX_LIBRARY = "libc++";
				CLANG_ENABLE_MODULES = YES;
				CLANG_ENABLE_OBJC_ARC = YES;
				CLANG_ENABLE_OBJC_WEAK = YES;
				CLANG_WARN_BLOCK_CAPTURE_AUTORELEASING = YES;
				CLANG_WARN_BOOL_CONVERSION = YES;
				CLANG_WARN_COMMA = YES;
				CLANG_WARN_CONSTANT_CONVERSION = YES;
				CLANG_WARN_DEPRECATED_OBJC_IMPLEMENTATIONS = YES;
				CLANG_WARN_DIRECT_OBJC_ISA_USAGE = YES_ERROR;
				CLANG_WARN_DOCUMENTATION_COMMENTS = YES;
				CLANG_WARN_EMPTY_BODY = YES;
				CLANG_WARN_ENUM_CONVERSION = YES;
				CLANG_WARN_INFINITE_RECURSION = YES;
				CLANG_WARN_INT_CONVERSION = YES;
				CLANG_WARN_NON_LITERAL_NULL_CONVERSION = YES;
				CLANG_WARN_OBJC_IMPLICIT_RETAIN_SELF = YES;
				CLANG_WARN_OBJC_LITERAL_CONVERSION = YES;
				CLANG_WARN_OBJC_ROOT_CLASS = YES_ERROR;
				CLANG_WARN_RANGE_LOOP_ANALYSIS = YES;
				CLANG_WARN_STRICT_PROTOTYPES = YES;
				CLANG_WARN_SUSPICIOUS_MOVE = YES;
				CLANG_WARN_UNGUARDED_AVAILABILITY = YES_AGGRESSIVE;
				CLANG_WARN_UNREACHABLE_CODE = YES;
				CLANG_WARN__DUPLICATE_METHOD_MATCH = YES;
				CODE_SIGN_IDENTITY = "iPhone Developer";
				COPY_PHASE_STRIP = NO;
				DEBUG_INFORMATION_FORMAT = dwarf;
				ENABLE_STRICT_OBJC_MSGSEND = YES;
				ENABLE_TESTABILITY = YES;
				GCC_C_LANGUAGE_STANDARD = gnu11;
				GCC_DYNAMIC_NO_PIC = NO;
				GCC_NO_COMMON_BLOCKS = YES;
				GCC_OPTIMIZATION_LEVEL = 0;
				GCC_PREPROCESSOR_DEFINITIONS = (
					"DEBUG=1",
					"$(inherited)",
				);
				GCC_WARN_64_TO_32_BIT_CONVERSION = YES;
				GCC_WARN_ABOUT_RETURN_TYPE = YES_ERROR;
				GCC_WARN_UNDECLARED_SELECTOR = YES;
				GCC_WARN_UNINITIALIZED_AUTOS = YES_AGGRESSIVE;
				GCC_WARN_UNUSED_FUNCTION = YES;
				GCC_WARN_UNUSED_VARIABLE = YES;
				IPHONEOS_DEPLOYMENT_TARGET = 12.2;
				MTL_ENABLE_DEBUG_INFO = INCLUDE_SOURCE;
				MTL_FAST_MATH = YES;
				ONLY_ACTIVE_ARCH = YES;
				SDKROOT = iphoneos;
				SWIFT_ACTIVE_COMPILATION_CONDITIONS = DEBUG;
				SWIFT_OPTIMIZATION_LEVEL = "-Onone";
			};
			name = Debug;
		};
		D68EBA6522E4DFEB009616FD /* Release */ = {
			isa = XCBuildConfiguration;
			buildSettings = {
				ALWAYS_SEARCH_USER_PATHS = NO;
				CLANG_ANALYZER_NONNULL = YES;
				CLANG_ANALYZER_NUMBER_OBJECT_CONVERSION = YES_AGGRESSIVE;
				CLANG_CXX_LANGUAGE_STANDARD = "gnu++14";
				CLANG_CXX_LIBRARY = "libc++";
				CLANG_ENABLE_MODULES = YES;
				CLANG_ENABLE_OBJC_ARC = YES;
				CLANG_ENABLE_OBJC_WEAK = YES;
				CLANG_WARN_BLOCK_CAPTURE_AUTORELEASING = YES;
				CLANG_WARN_BOOL_CONVERSION = YES;
				CLANG_WARN_COMMA = YES;
				CLANG_WARN_CONSTANT_CONVERSION = YES;
				CLANG_WARN_DEPRECATED_OBJC_IMPLEMENTATIONS = YES;
				CLANG_WARN_DIRECT_OBJC_ISA_USAGE = YES_ERROR;
				CLANG_WARN_DOCUMENTATION_COMMENTS = YES;
				CLANG_WARN_EMPTY_BODY = YES;
				CLANG_WARN_ENUM_CONVERSION = YES;
				CLANG_WARN_INFINITE_RECURSION = YES;
				CLANG_WARN_INT_CONVERSION = YES;
				CLANG_WARN_NON_LITERAL_NULL_CONVERSION = YES;
				CLANG_WARN_OBJC_IMPLICIT_RETAIN_SELF = YES;
				CLANG_WARN_OBJC_LITERAL_CONVERSION = YES;
				CLANG_WARN_OBJC_ROOT_CLASS = YES_ERROR;
				CLANG_WARN_RANGE_LOOP_ANALYSIS = YES;
				CLANG_WARN_STRICT_PROTOTYPES = YES;
				CLANG_WARN_SUSPICIOUS_MOVE = YES;
				CLANG_WARN_UNGUARDED_AVAILABILITY = YES_AGGRESSIVE;
				CLANG_WARN_UNREACHABLE_CODE = YES;
				CLANG_WARN__DUPLICATE_METHOD_MATCH = YES;
				CODE_SIGN_IDENTITY = "iPhone Developer";
				COPY_PHASE_STRIP = NO;
				DEBUG_INFORMATION_FORMAT = "dwarf-with-dsym";
				ENABLE_NS_ASSERTIONS = NO;
				ENABLE_STRICT_OBJC_MSGSEND = YES;
				GCC_C_LANGUAGE_STANDARD = gnu11;
				GCC_NO_COMMON_BLOCKS = YES;
				GCC_WARN_64_TO_32_BIT_CONVERSION = YES;
				GCC_WARN_ABOUT_RETURN_TYPE = YES_ERROR;
				GCC_WARN_UNDECLARED_SELECTOR = YES;
				GCC_WARN_UNINITIALIZED_AUTOS = YES_AGGRESSIVE;
				GCC_WARN_UNUSED_FUNCTION = YES;
				GCC_WARN_UNUSED_VARIABLE = YES;
				IPHONEOS_DEPLOYMENT_TARGET = 12.2;
				MTL_ENABLE_DEBUG_INFO = NO;
				MTL_FAST_MATH = YES;
				SDKROOT = iphoneos;
				SWIFT_COMPILATION_MODE = wholemodule;
				SWIFT_OPTIMIZATION_LEVEL = "-O";
				VALIDATE_PRODUCT = YES;
			};
			name = Release;
		};
		D68EBA6722E4DFEB009616FD /* Debug */ = {
			isa = XCBuildConfiguration;
			baseConfigurationReference = 15CC08C9D01A9FC8A8393C76 /* Pods-iXper.debug.xcconfig */;
			buildSettings = {
				ASSETCATALOG_COMPILER_APPICON_NAME = AppIcon;
				CODE_SIGN_STYLE = Automatic;
				DEVELOPMENT_TEAM = LA9G5FX5M5;
				INFOPLIST_FILE = iXper/Info.plist;
				LD_RUNPATH_SEARCH_PATHS = (
					"$(inherited)",
					"@executable_path/Frameworks",
				);
				PRODUCT_BUNDLE_IDENTIFIER = com.HelderPinto.iXper;
				PRODUCT_NAME = "$(TARGET_NAME)";
				SWIFT_VERSION = 5.0;
				TARGETED_DEVICE_FAMILY = "1,2";
			};
			name = Debug;
		};
		D68EBA6822E4DFEB009616FD /* Release */ = {
			isa = XCBuildConfiguration;
			baseConfigurationReference = BB15BA7788E66EF941C549DB /* Pods-iXper.release.xcconfig */;
			buildSettings = {
				ASSETCATALOG_COMPILER_APPICON_NAME = AppIcon;
				CODE_SIGN_STYLE = Automatic;
				DEVELOPMENT_TEAM = LA9G5FX5M5;
				INFOPLIST_FILE = iXper/Info.plist;
				LD_RUNPATH_SEARCH_PATHS = (
					"$(inherited)",
					"@executable_path/Frameworks",
				);
				PRODUCT_BUNDLE_IDENTIFIER = com.HelderPinto.iXper;
				PRODUCT_NAME = "$(TARGET_NAME)";
				SWIFT_VERSION = 5.0;
				TARGETED_DEVICE_FAMILY = "1,2";
			};
			name = Release;
		};
		D68EBA6A22E4DFEB009616FD /* Debug */ = {
			isa = XCBuildConfiguration;
			baseConfigurationReference = 8B1892E04806F74F3BF4EC02 /* Pods-iXperTests.debug.xcconfig */;
			buildSettings = {
				ALWAYS_EMBED_SWIFT_STANDARD_LIBRARIES = YES;
				BUNDLE_LOADER = "$(TEST_HOST)";
				CODE_SIGN_STYLE = Automatic;
				DEVELOPMENT_TEAM = LA9G5FX5M5;
				INFOPLIST_FILE = iXperTests/Info.plist;
				LD_RUNPATH_SEARCH_PATHS = (
					"$(inherited)",
					"@executable_path/Frameworks",
					"@loader_path/Frameworks",
				);
				PRODUCT_BUNDLE_IDENTIFIER = com.HelderPinto.iXperTests;
				PRODUCT_NAME = "$(TARGET_NAME)";
				SWIFT_VERSION = 5.0;
				TARGETED_DEVICE_FAMILY = "1,2";
				TEST_HOST = "$(BUILT_PRODUCTS_DIR)/iXper.app/iXper";
			};
			name = Debug;
		};
		D68EBA6B22E4DFEB009616FD /* Release */ = {
			isa = XCBuildConfiguration;
			baseConfigurationReference = 5B0CAFB66AB6F1ADB0F76F36 /* Pods-iXperTests.release.xcconfig */;
			buildSettings = {
				ALWAYS_EMBED_SWIFT_STANDARD_LIBRARIES = YES;
				BUNDLE_LOADER = "$(TEST_HOST)";
				CODE_SIGN_STYLE = Automatic;
				DEVELOPMENT_TEAM = LA9G5FX5M5;
				INFOPLIST_FILE = iXperTests/Info.plist;
				LD_RUNPATH_SEARCH_PATHS = (
					"$(inherited)",
					"@executable_path/Frameworks",
					"@loader_path/Frameworks",
				);
				PRODUCT_BUNDLE_IDENTIFIER = com.HelderPinto.iXperTests;
				PRODUCT_NAME = "$(TARGET_NAME)";
				SWIFT_VERSION = 5.0;
				TARGETED_DEVICE_FAMILY = "1,2";
				TEST_HOST = "$(BUILT_PRODUCTS_DIR)/iXper.app/iXper";
			};
			name = Release;
		};
		D68EBA6D22E4DFEB009616FD /* Debug */ = {
			isa = XCBuildConfiguration;
			baseConfigurationReference = 588B7F635A66359A8C9DE8E8 /* Pods-iXperUITests.debug.xcconfig */;
			buildSettings = {
				ALWAYS_EMBED_SWIFT_STANDARD_LIBRARIES = YES;
				CODE_SIGN_STYLE = Automatic;
				DEVELOPMENT_TEAM = LA9G5FX5M5;
				INFOPLIST_FILE = iXperUITests/Info.plist;
				LD_RUNPATH_SEARCH_PATHS = (
					"$(inherited)",
					"@executable_path/Frameworks",
					"@loader_path/Frameworks",
				);
				PRODUCT_BUNDLE_IDENTIFIER = com.HelderPinto.iXperUITests;
				PRODUCT_NAME = "$(TARGET_NAME)";
				SWIFT_VERSION = 5.0;
				TARGETED_DEVICE_FAMILY = "1,2";
				TEST_TARGET_NAME = iXper;
			};
			name = Debug;
		};
		D68EBA6E22E4DFEB009616FD /* Release */ = {
			isa = XCBuildConfiguration;
			baseConfigurationReference = 70C059D728FFE90FA6D5CB99 /* Pods-iXperUITests.release.xcconfig */;
			buildSettings = {
				ALWAYS_EMBED_SWIFT_STANDARD_LIBRARIES = YES;
				CODE_SIGN_STYLE = Automatic;
				DEVELOPMENT_TEAM = LA9G5FX5M5;
				INFOPLIST_FILE = iXperUITests/Info.plist;
				LD_RUNPATH_SEARCH_PATHS = (
					"$(inherited)",
					"@executable_path/Frameworks",
					"@loader_path/Frameworks",
				);
				PRODUCT_BUNDLE_IDENTIFIER = com.HelderPinto.iXperUITests;
				PRODUCT_NAME = "$(TARGET_NAME)";
				SWIFT_VERSION = 5.0;
				TARGETED_DEVICE_FAMILY = "1,2";
				TEST_TARGET_NAME = iXper;
			};
			name = Release;
		};
/* End XCBuildConfiguration section */

/* Begin XCConfigurationList section */
		D68EBA3722E4DFEB009616FD /* Build configuration list for PBXProject "iXper" */ = {
			isa = XCConfigurationList;
			buildConfigurations = (
				D68EBA6422E4DFEB009616FD /* Debug */,
				D68EBA6522E4DFEB009616FD /* Release */,
			);
			defaultConfigurationIsVisible = 0;
			defaultConfigurationName = Release;
		};
		D68EBA6622E4DFEB009616FD /* Build configuration list for PBXNativeTarget "iXper" */ = {
			isa = XCConfigurationList;
			buildConfigurations = (
				D68EBA6722E4DFEB009616FD /* Debug */,
				D68EBA6822E4DFEB009616FD /* Release */,
			);
			defaultConfigurationIsVisible = 0;
			defaultConfigurationName = Release;
		};
		D68EBA6922E4DFEB009616FD /* Build configuration list for PBXNativeTarget "iXperTests" */ = {
			isa = XCConfigurationList;
			buildConfigurations = (
				D68EBA6A22E4DFEB009616FD /* Debug */,
				D68EBA6B22E4DFEB009616FD /* Release */,
			);
			defaultConfigurationIsVisible = 0;
			defaultConfigurationName = Release;
		};
		D68EBA6C22E4DFEB009616FD /* Build configuration list for PBXNativeTarget "iXperUITests" */ = {
			isa = XCConfigurationList;
			buildConfigurations = (
				D68EBA6D22E4DFEB009616FD /* Debug */,
				D68EBA6E22E4DFEB009616FD /* Release */,
			);
			defaultConfigurationIsVisible = 0;
			defaultConfigurationName = Release;
		};
/* End XCConfigurationList section */
	};
	rootObject = D68EBA3422E4DFEB009616FD /* Project object */;
}
